github.com/go-redis/redis v6.15.7+incompatible h1:3skhDh95XQMpnqeqNftPkQD9jL9e5e36z/1SUm6dy1U=
github.com/go-redis/redis v6.15.7+incompatible/go.mod h1:NAIEuMOZ/fxfXJIrKDQDz8wamY7mA7PouImQ2Jvg6kA=
github.com/gorilla/mux v1.7.4 h1:VuZ8uybHlWmqV03+zRzdwKL4tUnIp1MAQtp1mIFE1bc=
github.com/gorilla/mux v1.7.4/go.mod h1:DVbg23sWSpFRCP0SfiEN6jmj59UnW/n46BH5rLB71So=
github.com/gravityblast/go-base62 v0.0.0-20131214171223-d5f2747573ce h1:cZ4nzfwlUPdIzGcndVLWVPsPIKzrCMjj8fePW8f+qc4=
github.com/gravityblast/go-base62 v0.0.0-20131214171223-d5f2747573ce/go.mod h1:6WBARxayU4ZsIOxtv0CmMpDTkTbKB7ea8Ur3SfWkpoY=
github.com/justinas/alice v1.2.0 h1:+MHSA/vccVCF4Uq37S42jwlkvI2Xzl7zTPCN5BnZNVo=
github.com/justinas/alice v1.2.0/go.mod h1:fN5HRH/reO/zrUflLfTN43t3vXvKzvZIENsNEe7i7qA=
github.com/lytics/base62 v0.0.0-20180808010106-0ee4de5a5d6d h1:HONlVR8gkr5QibYNVFtj8ajfqRAKt21DmdzeZXZl6VQ=
github.com/lytics/base62 v0.0.0-20180808010106-0ee4de5a5d6d/go.mod h1:nFZ1y9JiUDciefRL0X6OTobqQGgFCR+lbnn1lWsoQk0=
gopkg.in/validator.v2 v2.0.0-20191107172027-c3144fdedc21 h1:2QQcyaEBdpfjjYkF0MXc69jZbHb4IOYuXz2UwsmVM8k=
gopkg.in/validator.v2 v2.0.0-20191107172027-c3144fdedc21/go.mod h1:o4V0GXN9/CAmCsvJ0oXYZvrZOe7syiDZSN1GWGZTGzc=
